
Microsoft Visual Studio Solution File, Format Version 12.00
# Visual Studio Version 16
VisualStudioVersion = 16.0.29806.167
MinimumVisualStudioVersion = 10.0.40219.1
Project("{9A19103F-16F7-4668-BE54-9A1E7A4F7556}") = "InventoryManagerApi", "InventoryManagerApi.csproj", "{4A8461E6-D295-4840-B490-A7EFBCB5B670}"
EndProject
Project("{9A19103F-16F7-4668-BE54-9A1E7A4F7556}") = "Domain.Product.Business", "..\Domain\Domain.Product\Domain.Product.Business\Domain.Product.Business.csproj", "{B0FAEC1D-7421-40D4-A2C9-5E8CAA9FE42C}"
EndProject
Project("{9A19103F-16F7-4668-BE54-9A1E7A4F7556}") = "Domain.Product.DataAccess", "..\Domain\Domain.Product\Domain.Product.DataAccess\Domain.Product.DataAccess.csproj", "{EC02AA2E-A3AC-4CAD-8A54-879E9B4B11D9}"
EndProject
Project("{9A19103F-16F7-4668-BE54-9A1E7A4F7556}") = "Domain.Product.DataContract", "..\Domain\Domain.Product\Domain.Product.DataContract\Domain.Product.DataContract.csproj", "{9D42746B-A6CB-42C5-B9EE-972BFFBFCBA6}"
EndProject
Project("{9A19103F-16F7-4668-BE54-9A1E7A4F7556}") = "Domain.Product.Datainterface", "..\Domain\Domain.Product\Domain.Product.Datainterface\Domain.Product.Datainterface.csproj", "{BD5ECC18-E417-4A01-8AC5-ADF097623524}"
EndProject
Project("{2150E333-8FDC-42A3-9474-1A3956D46DE8}") = "Domain", "Domain", "{9CA9CDE7-A2E1-40DF-8AB7-AB8EBF03B5C7}"
EndProject
Project("{2150E333-8FDC-42A3-9474-1A3956D46DE8}") = "Domain.Product", "Domain.Product", "{78FC4C3E-962E-44EA-A928-C9006B4F4389}"
EndProject
Project("{2150E333-8FDC-42A3-9474-1A3956D46DE8}") = "Domain.Log", "Domain.Log", "{A6141977-7A2E-495C-BE19-AABC8EDBB11E}"
EndProject
Project("{FAE04EC0-301F-11D3-BF4B-00C04F79EFBC}") = "Domain.Log.Logger", "..\Domain\Domain.Log\Domain.Log.Logger\Domain.Log.Logger.csproj", "{FF3E3A5E-0DA0-43EE-91F5-8391A564FAE7}"
EndProject
Global
	GlobalSection(SolutionConfigurationPlatforms) = preSolution
		Debug|Any CPU = Debug|Any CPU
		Release|Any CPU = Release|Any CPU
	EndGlobalSection
	GlobalSection(ProjectConfigurationPlatforms) = postSolution
		{4A8461E6-D295-4840-B490-A7EFBCB5B670}.Debug|Any CPU.ActiveCfg = Debug|Any CPU
		{4A8461E6-D295-4840-B490-A7EFBCB5B670}.Debug|Any CPU.Build.0 = Debug|Any CPU
		{4A8461E6-D295-4840-B490-A7EFBCB5B670}.Release|Any CPU.ActiveCfg = Release|Any CPU
		{4A8461E6-D295-4840-B490-A7EFBCB5B670}.Release|Any CPU.Build.0 = Release|Any CPU
		{B0FAEC1D-7421-40D4-A2C9-5E8CAA9FE42C}.Debug|Any CPU.ActiveCfg = Debug|Any CPU
		{B0FAEC1D-7421-40D4-A2C9-5E8CAA9FE42C}.Debug|Any CPU.Build.0 = Debug|Any CPU
		{B0FAEC1D-7421-40D4-A2C9-5E8CAA9FE42C}.Release|Any CPU.ActiveCfg = Release|Any CPU
		{B0FAEC1D-7421-40D4-A2C9-5E8CAA9FE42C}.Release|Any CPU.Build.0 = Release|Any CPU
		{EC02AA2E-A3AC-4CAD-8A54-879E9B4B11D9}.Debug|Any CPU.ActiveCfg = Debug|Any CPU
		{EC02AA2E-A3AC-4CAD-8A54-879E9B4B11D9}.Debug|Any CPU.Build.0 = Debug|Any CPU
		{EC02AA2E-A3AC-4CAD-8A54-879E9B4B11D9}.Release|Any CPU.ActiveCfg = Release|Any CPU
		{EC02AA2E-A3AC-4CAD-8A54-879E9B4B11D9}.Release|Any CPU.Build.0 = Release|Any CPU
		{9D42746B-A6CB-42C5-B9EE-972BFFBFCBA6}.Debug|Any CPU.ActiveCfg = Debug|Any CPU
		{9D42746B-A6CB-42C5-B9EE-972BFFBFCBA6}.Debug|Any CPU.Build.0 = Debug|Any CPU
		{9D42746B-A6CB-42C5-B9EE-972BFFBFCBA6}.Release|Any CPU.ActiveCfg = Release|Any CPU
		{9D42746B-A6CB-42C5-B9EE-972BFFBFCBA6}.Release|Any CPU.Build.0 = Release|Any CPU
		{BD5ECC18-E417-4A01-8AC5-ADF097623524}.Debug|Any CPU.ActiveCfg = Debug|Any CPU
		{BD5ECC18-E417-4A01-8AC5-ADF097623524}.Debug|Any CPU.Build.0 = Debug|Any CPU
		{BD5ECC18-E417-4A01-8AC5-ADF097623524}.Release|Any CPU.ActiveCfg = Release|Any CPU
		{BD5ECC18-E417-4A01-8AC5-ADF097623524}.Release|Any CPU.Build.0 = Release|Any CPU
		{FF3E3A5E-0DA0-43EE-91F5-8391A564FAE7}.Debug|Any CPU.ActiveCfg = Debug|Any CPU
		{FF3E3A5E-0DA0-43EE-91F5-8391A564FAE7}.Debug|Any CPU.Build.0 = Debug|Any CPU
		{FF3E3A5E-0DA0-43EE-91F5-8391A564FAE7}.Release|Any CPU.ActiveCfg = Release|Any CPU
		{FF3E3A5E-0DA0-43EE-91F5-8391A564FAE7}.Release|Any CPU.Build.0 = Release|Any CPU
	EndGlobalSection
	GlobalSection(SolutionProperties) = preSolution
		HideSolutionNode = FALSE
	EndGlobalSection
	GlobalSection(NestedProjects) = preSolution
		{B0FAEC1D-7421-40D4-A2C9-5E8CAA9FE42C} = {78FC4C3E-962E-44EA-A928-C9006B4F4389}
		{EC02AA2E-A3AC-4CAD-8A54-879E9B4B11D9} = {78FC4C3E-962E-44EA-A928-C9006B4F4389}
		{9D42746B-A6CB-42C5-B9EE-972BFFBFCBA6} = {78FC4C3E-962E-44EA-A928-C9006B4F4389}
		{BD5ECC18-E417-4A01-8AC5-ADF097623524} = {78FC4C3E-962E-44EA-A928-C9006B4F4389}
		{78FC4C3E-962E-44EA-A928-C9006B4F4389} = {9CA9CDE7-A2E1-40DF-8AB7-AB8EBF03B5C7}
		{A6141977-7A2E-495C-BE19-AABC8EDBB11E} = {9CA9CDE7-A2E1-40DF-8AB7-AB8EBF03B5C7}
		{FF3E3A5E-0DA0-43EE-91F5-8391A564FAE7} = {A6141977-7A2E-495C-BE19-AABC8EDBB11E}
	EndGlobalSection
	GlobalSection(ExtensibilityGlobals) = postSolution
		SolutionGuid = {D1BEC41B-16F8-450C-83C3-074D2AD442A2}
	EndGlobalSection
EndGlobal
